// !$*UTF8*$!
{
	archiveVersion = 1;
	classes = {
	};
	objectVersion = 46;
	objects = {

/* Begin PBXBuildFile section */
		C72F483C1A2092AD00905774 /* main.cpp in Sources */ = {isa = PBXBuildFile; fileRef = C72F483B1A2092AD00905774 /* main.cpp */; };
		C7FF556C1A20A5F600FDD362 /* bamboo.cpp in Sources */ = {isa = PBXBuildFile; fileRef = C7FF556A1A20A5F600FDD362 /* bamboo.cpp */; };
/* End PBXBuildFile section */

/* Begin PBXCopyFilesBuildPhase section */
		C72F48361A2092AD00905774 /* CopyFiles */ = {
			isa = PBXCopyFilesBuildPhase;
			buildActionMask = 2147483647;
			dstPath = /usr/share/man/man1/;
			dstSubfolderSpec = 0;
			files = (
			);
			runOnlyForDeploymentPostprocessing = 1;
		};
/* End PBXCopyFilesBuildPhase section */

/* Begin PBXFileReference section */
		C72F48381A2092AD00905774 /* SP_Lab_1 */ = {isa = PBXFileReference; explicitFileType = "compiled.mach-o.executable"; includeInIndex = 0; path = SP_Lab_1; sourceTree = BUILT_PRODUCTS_DIR; };
		C72F483B1A2092AD00905774 /* main.cpp */ = {isa = PBXFileReference; lastKnownFileType = sourcecode.cpp.cpp; path = main.cpp; sourceTree = "<group>"; wrapsLines = 0; };
		C72F48421A20951E00905774 /* table.h */ = {isa = PBXFileReference; lastKnownFileType = sourcecode.c.h; path = table.h; sourceTree = "<group>"; };
		C7FF556A1A20A5F600FDD362 /* bamboo.cpp */ = {isa = PBXFileReference; fileEncoding = 4; lastKnownFileType = sourcecode.cpp.cpp; path = bamboo.cpp; sourceTree = "<group>"; };
		C7FF556B1A20A5F600FDD362 /* bamboo.h */ = {isa = PBXFileReference; fileEncoding = 4; lastKnownFileType = sourcecode.c.h; path = bamboo.h; sourceTree = "<group>"; };
/* End PBXFileReference section */

/* Begin PBXFrameworksBuildPhase section */
		C72F48351A2092AD00905774 /* Frameworks */ = {
			isa = PBXFrameworksBuildPhase;
			buildActionMask = 2147483647;
			files = (
			);
			runOnlyForDeploymentPostprocessing = 0;
		};
/* End PBXFrameworksBuildPhase section */

/* Begin PBXGroup section */
		C72F482F1A2092AD00905774 = {
			isa = PBXGroup;
			children = (
				C72F483A1A2092AD00905774 /* SP_Lab_1 */,
				C72F48391A2092AD00905774 /* Products */,
			);
			sourceTree = "<group>";
		};
		C72F48391A2092AD00905774 /* Products */ = {
			isa = PBXGroup;
			children = (
				C72F48381A2092AD00905774 /* SP_Lab_1 */,
			);
			name = Products;
			sourceTree = "<group>";
		};
		C72F483A1A2092AD00905774 /* SP_Lab_1 */ = {
			isa = PBXGroup;
			children = (
				C72F483B1A2092AD00905774 /* main.cpp */,
				C72F48421A20951E00905774 /* table.h */,
				C7FF556A1A20A5F600FDD362 /* bamboo.cpp */,
				C7FF556B1A20A5F600FDD362 /* bamboo.h */,
			);
			path = SP_Lab_1;
			sourceTree = "<group>";
		};
/* End PBXGroup section */

/* Begin PBXNativeTarget section */
		C72F48371A2092AD00905774 /* SP_Lab_1 */ = {
			isa = PBXNativeTarget;
			buildConfigurationList = C72F483F1A2092AD00905774 /* Build configuration list for PBXNativeTarget "SP_Lab_1" */;
			buildPhases = (
				C72F48341A2092AD00905774 /* Sources */,
				C72F48351A2092AD00905774 /* Frameworks */,
				C72F48361A2092AD00905774 /* CopyFiles */,
			);
			buildRules = (
			);
			dependencies = (
			);
			name = SP_Lab_1;
			productName = SP_Lab_1;
			productReference = C72F48381A2092AD00905774 /* SP_Lab_1 */;
			productType = "com.apple.product-type.tool";
		};
/* End PBXNativeTarget section */

/* Begin PBXProject section */
		C72F48301A2092AD00905774 /* Project object */ = {
			isa = PBXProject;
			attributes = {
				LastUpgradeCheck = 0610;
				ORGANIZATIONNAME = "Andriy Bas";
				TargetAttributes = {
					C72F48371A2092AD00905774 = {
						CreatedOnToolsVersion = 6.1;
					};
				};
			};
			buildConfigurationList = C72F48331A2092AD00905774 /* Build configuration list for PBXProject "SP_Lab_1" */;
			compatibilityVersion = "Xcode 3.2";
			developmentRegion = English;
			hasScannedForEncodings = 0;
			knownRegions = (
				en,
			);
			mainGroup = C72F482F1A2092AD00905774;
			productRefGroup = C72F48391A2092AD00905774 /* Products */;
			projectDirPath = "";
			projectRoot = "";
			targets = (
				C72F48371A2092AD00905774 /* SP_Lab_1 */,
			);
		};
/* End PBXProject section */

/* Begin PBXSourcesBuildPhase section */
		C72F48341A2092AD00905774 /* Sources */ = {
			isa = PBXSourcesBuildPhase;
			buildActionMask = 2147483647;
			files = (
				C72F483C1A2092AD00905774 /* main.cpp in Sources */,
				C7FF556C1A20A5F600FDD362 /* bamboo.cpp in Sources */,
			);
			runOnlyForDeploymentPostprocessing = 0;
		};
/* End PBXSourcesBuildPhase section */

/* Begin XCBuildConfiguration section */
		C72F483D1A2092AD00905774 /* Debug */ = {
			isa = XCBuildConfiguration;
			buildSettings = {
				ALWAYS_SEARCH_USER_PATHS = NO;
				CLANG_CXX_LANGUAGE_STANDARD = "gnu++0x";
				CLANG_CXX_LIBRARY = "libc++";
				CLANG_ENABLE_MODULES = YES;
				CLANG_ENABLE_OBJC_ARC = YES;
				CLANG_WARN_BOOL_CONVERSION = YES;
				CLANG_WARN_CONSTANT_CONVERSION = YES;
				CLANG_WARN_DIRECT_OBJC_ISA_USAGE = YES_ERROR;
				CLANG_WARN_EMPTY_BODY = YES;
				CLANG_WARN_ENUM_CONVERSION = YES;
				CLANG_WARN_INT_CONVERSION = YES;
				CLANG_WARN_OBJC_ROOT_CLASS = YES_ERROR;
				CLANG_WARN_UNREACHABLE_CODE = YES;
				CLANG_WARN__DUPLICATE_METHOD_MATCH = YES;
				COPY_PHASE_STRIP = NO;
				ENABLE_STRICT_OBJC_MSGSEND = YES;
				GCC_C_LANGUAGE_STANDARD = gnu99;
				GCC_DYNAMIC_NO_PIC = NO;
				GCC_OPTIMIZATION_LEVEL = 0;
				GCC_PREPROCESSOR_DEFINITIONS = (
					"DEBUG=1",
					"$(inherited)",
				);
				GCC_SYMBOLS_PRIVATE_EXTERN = NO;
				GCC_WARN_64_TO_32_BIT_CONVERSION = YES;
				GCC_WARN_ABOUT_RETURN_TYPE = YES_ERROR;
				GCC_WARN_UNDECLARED_SELECTOR = YES;
				GCC_WARN_UNINITIALIZED_AUTOS = YES_AGGRESSIVE;
				GCC_WARN_UNUSED_FUNCTION = YES;
				GCC_WARN_UNUSED_VARIABLE = YES;
				MACOSX_DEPLOYMENT_TARGET = 10.10;
				MTL_ENABLE_DEBUG_INFO = YES;
				ONLY_ACTIVE_ARCH = YES;
				SDKROOT = macosx;
			};
			name = Debug;
		};
		C72F483E1A2092AD00905774 /* Release */ = {
			isa = XCBuildConfiguration;
			buildSettings = {
				ALWAYS_SEARCH_USER_PATHS = NO;
				CLANG_CXX_LANGUAGE_STANDARD = "gnu++0x";
				CLANG_CXX_LIBRARY = "libc++";
				CLANG_ENABLE_MODULES = YES;
				CLANG_ENABLE_OBJC_ARC = YES;
				CLANG_WARN_BOOL_CONVERSION = YES;
				CLANG_WARN_CONSTANT_CONVERSION = YES;
				CLANG_WARN_DIRECT_OBJC_ISA_USAGE = YES_ERROR;
				CLANG_WARN_EMPTY_BODY = YES;
				CLANG_WARN_ENUM_CONVERSION = YES;
				CLANG_WARN_INT_CONVERSION = YES;
				CLANG_WARN_OBJC_ROOT_CLASS = YES_ERROR;
				CLANG_WARN_UNREACHABLE_CODE = YES;
				CLANG_WARN__DUPLICATE_METHOD_MATCH = YES;
				COPY_PHASE_STRIP = YES;
				DEBUG_INFORMATION_FORMAT = "dwarf-with-dsym";
				ENABLE_NS_ASSERTIONS = NO;
				ENABLE_STRICT_OBJC_MSGSEND = YES;
				GCC_C_LANGUAGE_STANDARD = gnu99;
				GCC_WARN_64_TO_32_BIT_CONVERSION = YES;
				GCC_WARN_ABOUT_RETURN_TYPE = YES_ERROR;
				GCC_WARN_UNDECLARED_SELECTOR = YES;
				GCC_WARN_UNINITIALIZED_AUTOS = YES_AGGRESSIVE;
				GCC_WARN_UNUSED_FUNCTION = YES;
				GCC_WARN_UNUSED_VARIABLE = YES;
				MACOSX_DEPLOYMENT_TARGET = 10.10;
				MTL_ENABLE_DEBUG_INFO = NO;
				SDKROOT = macosx;
			};
			name = Release;
		};
		C72F48401A2092AD00905774 /* Debug */ = {
			isa = XCBuildConfiguration;
			buildSettings = {
				PRODUCT_NAME = "$(TARGET_NAME)";
			};
			name = Debug;
		};
		C72F48411A2092AD00905774 /* Release */ = {
			isa = XCBuildConfiguration;
			buildSettings = {
				PRODUCT_NAME = "$(TARGET_NAME)";
			};
			name = Release;
		};
/* End XCBuildConfiguration section */

/* Begin XCConfigurationList section */
		C72F48331A2092AD00905774 /* Build configuration list for PBXProject "SP_Lab_1" */ = {
			isa = XCConfigurationList;
			buildConfigurations = (
				C72F483D1A2092AD00905774 /* Debug */,
				C72F483E1A2092AD00905774 /* Release */,
			);
			defaultConfigurationIsVisible = 0;
			defaultConfigurationName = Release;
		};
		C72F483F1A2092AD00905774 /* Build configuration list for PBXNativeTarget "SP_Lab_1" */ = {
			isa = XCConfigurationList;
			buildConfigurations = (
				C72F48401A2092AD00905774 /* Debug */,
				C72F48411A2092AD00905774 /* Release */,
			);
			defaultConfigurationIsVisible = 0;
			defaultConfigurationName = Release;
		};
/* End XCConfigurationList section */
	};
	rootObject = C72F48301A2092AD00905774 /* Project object */;
}
